{
  "version": 4,
  "terraform_version": "1.10.5",
  "serial": 81,
  "lineage": "a3ed9ea1-e9cf-cb0f-2514-09929cf60040",
  "outputs": {
    "app_ip": {
      "value": "3.212.52.132",
      "type": "string"
    },
    "app_url": {
      "value": "http://3.212.52.132:3000",
      "type": "string"
    },
    "rds_endpoint": {
      "value": "competitor-tracker-db.cozwkoekykt4.us-east-1.rds.amazonaws.com:5432",
      "type": "string"
    },
    "s3_bucket_name": {
      "value": "competitor-tracker-snapshots-7a5af8c5",
      "type": "string"
    }
  },
  "resources": [
    {
      "mode": "data",
      "type": "aws_ami",
      "name": "amazon_linux_2023",
      "provider": "provider[\"registry.terraform.io/hashicorp/aws\"]",
      "instances": [
        {
          "schema_version": 0,
          "attributes": {
            "architecture": "x86_64",
            "arn": "arn:aws:ec2:us-east-1::image/ami-0693ff1e649d168d1",
            "block_device_mappings": [
              {
                "device_name": "/dev/xvda",
                "ebs": {
                  "delete_on_termination": "true",
                  "encrypted": "false",
                  "iops": "3000",
                  "snapshot_id": "snap-0e83a881611658877",
                  "throughput": "125",
                  "volume_initialization_rate": "0",
                  "volume_size": "30",
                  "volume_type": "gp3"
                },
                "no_device": "",
                "virtual_name": ""
              }
            ],
            "boot_mode": "uefi-preferred",
            "creation_date": "2026-07-07T22:07:52.000Z",
            "deprecation_time": "2028-07-07T22:07:52.000Z",
            "description": "Amazon Linux AMI 2023.0.20260707 x86_64 ECS HVM EBS",
            "ena_support": true,
            "executable_users": null,
            "filter": [
              {
                "name": "architecture",
                "values": [
                  "x86_64"
                ]
              },
              {
                "name": "name",
                "values": [
                  "al2023-*-x86_64-*"
                ]
              }
            ],
            "hypervisor": "xen",
            "id": "ami-0693ff1e649d168d1",
            "image_id": "ami-0693ff1e649d168d1",
            "image_location": "amazon/al2023-ami-ecs-gpu-hvm-2023.0.20260707-kernel-6.1-x86_64-ebs",
            "image_owner_alias": "amazon",
            "image_type": "machine",
            "imds_support": "v2.0",
            "include_deprecated": false,
            "kernel_id": "",
            "last_launched_time": "",
            "most_recent": true,
            "name": "al2023-ami-ecs-gpu-hvm-2023.0.20260707-kernel-6.1-x86_64-ebs",
            "name_regex": null,
            "owner_id": "591542846629",
            "owners": [
              "amazon"
            ],
            "platform": "",
            "platform_details": "Linux/UNIX",
            "product_codes": [],
            "public": true,
            "ramdisk_id": "",
            "root_device_name": "/dev/xvda",
            "root_device_type": "ebs",
            "root_snapshot_id": "snap-0e83a881611658877",
            "sriov_net_support": "simple",
            "state": "available",
            "state_reason": {
              "code": "UNSET",
              "message": "UNSET"
            },
            "tags": {},
            "timeouts": null,
            "tpm_support": "",
            "uefi_data": null,
            "usage_operation": "RunInstances",
            "virtualization_type": "hvm"
          },
          "sensitive_attributes": []
        }
      ]
    },
    {
      "mode": "data",
      "type": "aws_iam_policy_document",
      "name": "ec2_assume_role",
      "provider": "provider[\"registry.terraform.io/hashicorp/aws\"]",
      "instances": [
        {
          "schema_version": 0,
          "attributes": {
            "id": "2851119427",
            "json": "{\n  \"Version\": \"2012-10-17\",\n  \"Statement\": [\n    {\n      \"Effect\": \"Allow\",\n      \"Action\": \"sts:AssumeRole\",\n      \"Principal\": {\n        \"Service\": \"ec2.amazonaws.com\"\n      }\n    }\n  ]\n}",
            "minified_json": "{\"Version\":\"2012-10-17\",\"Statement\":[{\"Effect\":\"Allow\",\"Action\":\"sts:AssumeRole\",\"Principal\":{\"Service\":\"ec2.amazonaws.com\"}}]}",
            "override_json": null,
            "override_policy_documents": null,
            "policy_id": null,
            "source_json": null,
            "source_policy_documents": null,
            "statement": [
              {
                "actions": [
                  "sts:AssumeRole"
                ],
                "condition": [],
                "effect": "Allow",
                "not_actions": [],
                "not_principals": [],
                "not_resources": [],
                "principals": [
                  {
                    "identifiers": [
                      "ec2.amazonaws.com"
                    ],
                    "type": "Service"
                  }
                ],
                "resources": [],
                "sid": ""
              }
            ],
            "version": "2012-10-17"
          },
          "sensitive_attributes": []
        }
      ]
    },
    {
      "mode": "data",
      "type": "aws_iam_policy_document",
      "name": "s3_snapshots",
      "provider": "provider[\"registry.terraform.io/hashicorp/aws\"]",
      "instances": [
        {
          "schema_version": 0,
          "attributes": {
            "id": "2733876066",
            "json": "{\n  \"Version\": \"2012-10-17\",\n  \"Statement\": [\n    {\n      \"Effect\": \"Allow\",\n      \"Action\": [\n        \"s3:PutObject\",\n        \"s3:ListBucket\",\n        \"s3:GetObject\"\n      ],\n      \"Resource\": [\n        \"arn:aws:s3:::competitor-tracker-snapshots-7a5af8c5/*\",\n        \"arn:aws:s3:::competitor-tracker-snapshots-7a5af8c5\"\n      ]\n    }\n  ]\n}",
            "minified_json": "{\"Version\":\"2012-10-17\",\"Statement\":[{\"Effect\":\"Allow\",\"Action\":[\"s3:PutObject\",\"s3:ListBucket\",\"s3:GetObject\"],\"Resource\":[\"arn:aws:s3:::competitor-tracker-snapshots-7a5af8c5/*\",\"arn:aws:s3:::competitor-tracker-snapshots-7a5af8c5\"]}]}",
            "override_json": null,
            "override_policy_documents": null,
            "policy_id": null,
            "source_json": null,
            "source_policy_documents": null,
            "statement": [
              {
                "actions": [
                  "s3:GetObject",
                  "s3:ListBucket",
                  "s3:PutObject"
                ],
                "condition": [],
                "effect": "Allow",
                "not_actions": [],
                "not_principals": [],
                "not_resources": [],
                "principals": [],
                "resources": [
                  "arn:aws:s3:::competitor-tracker-snapshots-7a5af8c5",
                  "arn:aws:s3:::competitor-tracker-snapshots-7a5af8c5/*"
                ],
                "sid": ""
              }
            ],
            "version": "2012-10-17"
          },
          "sensitive_attributes": []
        }
      ]
    },
    {
      "mode": "managed",
      "type": "aws_autoscaling_group",
      "name": "app",
      "provider": "provider[\"registry.terraform.io/hashicorp/aws\"]",
      "instances": [
        {
          "schema_version": 1,
          "attributes": {
            "arn": "arn:aws:autoscaling:us-east-1:254566860930:autoScalingGroup:91a70197-3a46-4146-b6e6-6c1ea7d93903:autoScalingGroupName/competitor-tracker-asg",
            "availability_zone_distribution": [
              {
                "capacity_distribution_strategy": "balanced-best-effort"
              }
            ],
            "availability_zones": [
              "us-east-1a",
              "us-east-1c"
            ],
            "capacity_rebalance": false,
            "capacity_reservation_specification": [
              {
                "capacity_reservation_preference": "default",
                "capacity_reservation_target": []
              }
            ],
            "context": "",
            "default_cooldown": 300,
            "default_instance_warmup": 0,
            "desired_capacity": 0,
            "desired_capacity_type": "",
            "enabled_metrics": [],
            "force_delete": false,
            "force_delete_warm_pool": false,
            "health_check_grace_period": 300,
            "health_check_type": "ELB",
            "id": "competitor-tracker-asg",
            "ignore_failed_scaling_activities": false,
            "initial_lifecycle_hook": [],
            "instance_maintenance_policy": [],
            "instance_refresh": [],
            "launch_configuration": "",
            "launch_template": [
              {
                "id": "lt-044b51b00c16f09f0",
                "name": "competitor-tracker-lt-20260710035024594500000001",
                "version": "$Latest"
              }
            ],
            "load_balancers": [],
            "max_instance_lifetime": 0,
            "max_size": 0,
            "metrics_granularity": "1Minute",
            "min_elb_capacity": null,
            "min_size": 0,
            "mixed_instances_policy": [],
            "name": "competitor-tracker-asg",
            "name_prefix": "",
            "placement_group": "",
            "predicted_capacity": 0,
            "protect_from_scale_in": false,
            "service_linked_role_arn": "arn:aws:iam::254566860930:role/aws-service-role/autoscaling.amazonaws.com/AWSServiceRoleForAutoScaling",
            "suspended_processes": [],
            "tag": [
              {
                "key": "Name",
                "propagate_at_launch": true,
                "value": "competitor-tracker-asg"
              }
            ],
            "target_group_arns": [
              "arn:aws:elasticloadbalancing:us-east-1:254566860930:targetgroup/competitor-tracker-tg/ea8a970bf2beb1ce"
            ],
            "termination_policies": [],
            "timeouts": null,
            "traffic_source": [
              {
                "identifier": "arn:aws:elasticloadbalancing:us-east-1:254566860930:targetgroup/competitor-tracker-tg/ea8a970bf2beb1ce",
                "type": "elbv2"
              }
            ],
            "vpc_zone_identifier": [
              "subnet-01a9e8eaff09f7887",
              "subnet-0cda2d59d4f1de1e9"
            ],
            "wait_for_capacity_timeout": "10m",
            "wait_for_elb_capacity": null,
            "warm_pool": [],
            "warm_pool_size": 0
          },
          "sensitive_attributes": [],
          "private": "eyJlMmJmYjczMC1lY2FhLTExZTYtOGY4OC0zNDM2M2JjN2M0YzAiOnsiZGVsZXRlIjo2MDAwMDAwMDAwMDAsInVwZGF0ZSI6NjAwMDAwMDAwMDAwfSwic2NoZW1hX3ZlcnNpb24iOiIxIn0=",
          "dependencies": [
            "aws_db_instance.postgres",
            "aws_db_subnet_group.rds",
            "aws_iam_instance_profile.ec2",
            "aws_iam_role.ec2",
            "aws_launch_template.app",
            "aws_lb_target_group.app",
            "aws_s3_bucket.snapshots",
            "aws_security_group.alb",
            "aws_security_group.ec2",
            "aws_security_group.rds",
            "aws_subnet.private_a",
            "aws_subnet.private_c",
            "aws_subnet.public_a",
            "aws_subnet.public_c",
            "aws_vpc.main",
            "data.aws_ami.amazon_linux_2023",
            "data.aws_iam_policy_document.ec2_assume_role",
            "random_id.suffix"
          ],
          "create_before_destroy": true
        }
      ]
    },
    {
      "mode": "managed",
      "type": "aws_cloudwatch_log_group",
      "name": "app",
      "provider": "provider[\"registry.terraform.io/hashicorp/aws\"]",
      "instances": [
        {
          "schema_version": 0,
          "attributes": {
            "arn": "arn:aws:logs:us-east-1:254566860930:log-group:/aws/ec2/competitor-tracker",
            "id": "/aws/ec2/competitor-tracker",
            "kms_key_id": "",
            "log_group_class": "STANDARD",
            "name": "/aws/ec2/competitor-tracker",
            "name_prefix": "",
            "retention_in_days": 7,
            "skip_destroy": false,
            "tags": {
              "Name": "competitor-tracker-logs"
            },
            "tags_all": {
              "Name": "competitor-tracker-logs"
            }
          },
          "sensitive_attributes": [],
          "private": "bnVsbA=="
        }
      ]
    },
    {
      "mode": "managed",
      "type": "aws_db_instance",
      "name": "postgres",
      "provider": "provider[\"registry.terraform.io/hashicorp/aws\"]",
      "instances": [
        {
          "schema_version": 2,
          "attributes": {
            "address": "competitor-tracker-db.cozwkoekykt4.us-east-1.rds.amazonaws.com",
            "allocated_storage": 20,
            "allow_major_version_upgrade": null,
            "apply_immediately": true,
            "arn": "arn:aws:rds:us-east-1:254566860930:db:competitor-tracker-db",
            "auto_minor_version_upgrade": true,
            "availability_zone": "us-east-1a",
            "backup_retention_period": 0,
            "backup_target": "region",
            "backup_window": "09:28-09:58",
            "blue_green_update": [],
            "ca_cert_identifier": "rds-ca-rsa2048-g1",
            "character_set_name": "",
            "copy_tags_to_snapshot": false,
            "custom_iam_instance_profile": "",
            "customer_owned_ip_enabled": false,
            "database_insights_mode": "standard",
            "db_name": "competitor_tracker",
            "db_subnet_group_name": "competitor-tracker-rds-subnet",
            "dedicated_log_volume": false,
            "delete_automated_backups": true,
            "deletion_protection": false,
            "domain": "",
            "domain_auth_secret_arn": "",
            "domain_dns_ips": [],
            "domain_fqdn": "",
            "domain_iam_role_name": "",
            "domain_ou": "",
            "enabled_cloudwatch_logs_exports": [
              "postgresql"
            ],
            "endpoint": "competitor-tracker-db.cozwkoekykt4.us-east-1.rds.amazonaws.com:5432",
            "engine": "postgres",
            "engine_lifecycle_support": "open-source-rds-extended-support",
            "engine_version": "15",
            "engine_version_actual": "15.17",
            "final_snapshot_identifier": null,
            "hosted_zone_id": "Z2R2ITUGPM61AM",
            "iam_database_authentication_enabled": false,
            "id": "db-HRWW3ALDVAUB4M62FG4QRUQCDI",
            "identifier": "competitor-tracker-db",
            "identifier_prefix": "",
            "instance_class": "db.t3.micro",
            "iops": 3000,
            "kms_key_id": "",
            "latest_restorable_time": "",
            "license_model": "postgresql-license",
            "listener_endpoint": [],
            "maintenance_window": "tue:03:45-tue:04:15",
            "manage_master_user_password": null,
            "master_user_secret": [],
            "master_user_secret_kms_key_id": null,
            "max_allocated_storage": 0,
            "monitoring_interval": 0,
            "monitoring_role_arn": "",
            "multi_az": false,
            "nchar_character_set_name": "",
            "network_type": "IPV4",
            "option_group_name": "default:postgres-15",
            "parameter_group_name": "default.postgres15",
            "password": "3SkU1VWYyEoN075uUZ3BryPDMcaZEI",
            "password_wo": null,
            "password_wo_version": null,
            "performance_insights_enabled": false,
            "performance_insights_kms_key_id": "",
            "performance_insights_retention_period": 0,
            "port": 5432,
            "publicly_accessible": false,
            "replica_mode": "",
            "replicas": [],
            "replicate_source_db": "",
            "resource_id": "db-HRWW3ALDVAUB4M62FG4QRUQCDI",
            "restore_to_point_in_time": [],
            "s3_import": [],
            "skip_final_snapshot": true,
            "snapshot_identifier": null,
            "status": "available",
            "storage_encrypted": false,
            "storage_throughput": 125,
            "storage_type": "gp3",
            "tags": {
              "Name": "competitor-tracker-db"
            },
            "tags_all": {
              "Name": "competitor-tracker-db"
            },
            "timeouts": null,
            "timezone": "",
            "upgrade_storage_config": null,
            "username": "app",
            "vpc_security_group_ids": [
              "sg-0ddfa6467f91ce30e"
            ]
          },
          "sensitive_attributes": [
            [
              {
                "type": "get_attr",
                "value": "password"
              }
            ],
            [
              {
                "type": "get_attr",
                "value": "password_wo"
              }
            ]
          ],
          "private": "eyJlMmJmYjczMC1lY2FhLTExZTYtOGY4OC0zNDM2M2JjN2M0YzAiOnsiY3JlYXRlIjozMDAwMDAwMDAwMDAwLCJkZWxldGUiOjM2MDAwMDAwMDAwMDAsInVwZGF0ZSI6NDgwMDAwMDAwMDAwMH0sInNjaGVtYV92ZXJzaW9uIjoiMiJ9",
          "dependencies": [
            "aws_db_subnet_group.rds",
            "aws_security_group.ec2",
            "aws_security_group.rds",
            "aws_subnet.private_a",
            "aws_subnet.private_c",
            "aws_vpc.main"
          ],
          "create_before_destroy": true
        }
      ]
    },
    {
      "mode": "managed",
      "type": "aws_db_subnet_group",
      "name": "rds",
      "provider": "provider[\"registry.terraform.io/hashicorp/aws\"]",
      "instances": [
        {
          "schema_version": 0,
          "attributes": {
            "arn": "arn:aws:rds:us-east-1:254566860930:subgrp:competitor-tracker-rds-subnet",
            "description": "Managed by Terraform",
            "id": "competitor-tracker-rds-subnet",
            "name": "competitor-tracker-rds-subnet",
            "name_prefix": "",
            "subnet_ids": [
              "subnet-03b8ba9dbc09cbce7",
              "subnet-079718ba71f469286"
            ],
            "supported_network_types": [
              "IPV4"
            ],
            "tags": {
              "Name": "competitor-tracker-rds-subnet"
            },
            "tags_all": {
              "Name": "competitor-tracker-rds-subnet"
            },
            "vpc_id": "vpc-0628e03f2276df5d4"
          },
          "sensitive_attributes": [],
          "private": "bnVsbA==",
          "dependencies": [
            "aws_subnet.private_a",
            "aws_subnet.private_c",
            "aws_vpc.main"
          ],
          "create_before_destroy": true
        }
      ]
    },
    {
      "mode": "managed",
      "type": "aws_eip",
      "name": "app",
      "provider": "provider[\"registry.terraform.io/hashicorp/aws\"]",
      "instances": [
        {
          "schema_version": 0,
          "attributes": {
            "address": null,
            "allocation_id": "eipalloc-08633ae966aacb375",
            "arn": "arn:aws:ec2:us-east-1:254566860930:elastic-ip/eipalloc-08633ae966aacb375",
            "associate_with_private_ip": null,
            "association_id": "",
            "carrier_ip": "",
            "customer_owned_ip": "",
            "customer_owned_ipv4_pool": "",
            "domain": "vpc",
            "id": "eipalloc-08633ae966aacb375",
            "instance": "",
            "ipam_pool_id": null,
            "network_border_group": "us-east-1",
            "network_interface": "",
            "private_dns": null,
            "private_ip": "",
            "ptr_record": "",
            "public_dns": "ec2-3-212-52-132.compute-1.amazonaws.com",
            "public_ip": "3.212.52.132",
            "public_ipv4_pool": "amazon",
            "tags": {
              "Name": "competitor-tracker-eip"
            },
            "tags_all": {
              "Name": "competitor-tracker-eip"
            },
            "timeouts": null,
            "vpc": true
          },
          "sensitive_attributes": [],
          "private": "eyJlMmJmYjczMC1lY2FhLTExZTYtOGY4OC0zNDM2M2JjN2M0YzAiOnsiZGVsZXRlIjoxODAwMDAwMDAwMDAsInJlYWQiOjkwMDAwMDAwMDAwMCwidXBkYXRlIjozMDAwMDAwMDAwMDB9fQ=="
        }
      ]
    },
    {
      "mode": "managed",
      "type": "aws_iam_instance_profile",
      "name": "ec2",
      "provider": "provider[\"registry.terraform.io/hashicorp/aws\"]",
      "instances": [
        {
          "schema_version": 0,
          "attributes": {
            "arn": "arn:aws:iam::254566860930:instance-profile/competitor-tracker-ec2-profile",
            "create_date": "2026-07-10T03:39:33Z",
            "id": "competitor-tracker-ec2-profile",
            "name": "competitor-tracker-ec2-profile",
            "name_prefix": "",
            "path": "/",
            "role": "competitor-tracker-ec2-role",
            "tags": {},
            "tags_all": {},
            "unique_id": "AIPATWRK6BCBGTNH3KCBX"
          },
          "sensitive_attributes": [],
          "private": "bnVsbA==",
          "dependencies": [
            "aws_iam_role.ec2",
            "data.aws_iam_policy_document.ec2_assume_role"
          ],
          "create_before_destroy": true
        }
      ]
    },
    {
      "mode": "managed",
      "type": "aws_iam_policy",
      "name": "s3_snapshots",
      "provider": "provider[\"registry.terraform.io/hashicorp/aws\"]",
      "instances": [
        {
          "schema_version": 0,
          "attributes": {
            "arn": "arn:aws:iam::254566860930:policy/competitor-tracker-s3-snapshots",
            "attachment_count": 0,
            "description": "",
            "id": "arn:aws:iam::254566860930:policy/competitor-tracker-s3-snapshots",
            "name": "competitor-tracker-s3-snapshots",
            "name_prefix": "",
            "path": "/",
            "policy": "{\"Statement\":[{\"Action\":[\"s3:PutObject\",\"s3:ListBucket\",\"s3:GetObject\"],\"Effect\":\"Allow\",\"Resource\":[\"arn:aws:s3:::competitor-tracker-snapshots-7a5af8c5/*\",\"arn:aws:s3:::competitor-tracker-snapshots-7a5af8c5\"]}],\"Version\":\"2012-10-17\"}",
            "policy_id": "ANPATWRK6BCBFA2FNLCJ7",
            "tags": {
              "Name": "competitor-tracker-s3-snapshots"
            },
            "tags_all": {
              "Name": "competitor-tracker-s3-snapshots"
            }
          },
          "sensitive_attributes": [],
          "private": "bnVsbA==",
          "dependencies": [
            "aws_s3_bucket.snapshots",
            "data.aws_iam_policy_document.s3_snapshots",
            "random_id.suffix"
          ]
        }
      ]
    },
    {
      "mode": "managed",
      "type": "aws_iam_role",
      "name": "ec2",
      "provider": "provider[\"registry.terraform.io/hashicorp/aws\"]",
      "instances": [
        {
          "schema_version": 0,
          "attributes": {
            "arn": "arn:aws:iam::254566860930:role/competitor-tracker-ec2-role",
            "assume_role_policy": "{\"Statement\":[{\"Action\":\"sts:AssumeRole\",\"Effect\":\"Allow\",\"Principal\":{\"Service\":\"ec2.amazonaws.com\"}}],\"Version\":\"2012-10-17\"}",
            "create_date": "2026-07-10T03:39:32Z",
            "description": "",
            "force_detach_policies": false,
            "id": "competitor-tracker-ec2-role",
            "inline_policy": [],
            "managed_policy_arns": [],
            "max_session_duration": 3600,
            "name": "competitor-tracker-ec2-role",
            "name_prefix": "",
            "path": "/",
            "permissions_boundary": "",
            "tags": {
              "Name": "competitor-tracker-ec2-role"
            },
            "tags_all": {
              "Name": "competitor-tracker-ec2-role"
            },
            "unique_id": "AROATWRK6BCBOTVGPZZ5V"
          },
          "sensitive_attributes": [],
          "private": "bnVsbA==",
          "dependencies": [
            "data.aws_iam_policy_document.ec2_assume_role"
          ],
          "create_before_destroy": true
        }
      ]
    },
    {
      "mode": "managed",
      "type": "aws_iam_role_policy_attachment",
      "name": "s3",
      "provider": "provider[\"registry.terraform.io/hashicorp/aws\"]",
      "instances": [
        {
          "schema_version": 0,
          "attributes": {
            "id": "competitor-tracker-ec2-role-20260710070543096900000003",
            "policy_arn": "arn:aws:iam::254566860930:policy/competitor-tracker-s3-snapshots",
            "role": "competitor-tracker-ec2-role"
          },
          "sensitive_attributes": [],
          "private": "bnVsbA==",
          "dependencies": [
            "aws_iam_policy.s3_snapshots",
            "aws_iam_role.ec2",
            "aws_s3_bucket.snapshots",
            "data.aws_iam_policy_document.ec2_assume_role",
            "data.aws_iam_policy_document.s3_snapshots",
            "random_id.suffix"
          ]
        }
      ]
    },
    {
      "mode": "managed",
      "type": "aws_iam_role_policy_attachment",
      "name": "ssm",
      "provider": "provider[\"registry.terraform.io/hashicorp/aws\"]",
      "instances": [
        {
          "schema_version": 0,
          "attributes": {
            "id": "competitor-tracker-ec2-role-20260710070542283200000002",
            "policy_arn": "arn:aws:iam::aws:policy/AmazonSSMManagedInstanceCore",
            "role": "competitor-tracker-ec2-role"
          },
          "sensitive_attributes": [],
          "private": "bnVsbA==",
          "dependencies": [
            "aws_iam_role.ec2",
            "data.aws_iam_policy_document.ec2_assume_role"
          ]
        }
      ]
    },
    {
      "mode": "managed",
      "type": "aws_internet_gateway",
      "name": "igw",
      "provider": "provider[\"registry.terraform.io/hashicorp/aws\"]",
      "instances": [
        {
          "schema_version": 0,
          "attributes": {
            "arn": "arn:aws:ec2:us-east-1:254566860930:internet-gateway/igw-0145bde07528d835e",
            "id": "igw-0145bde07528d835e",
            "owner_id": "254566860930",
            "tags": {
              "Name": "competitor-tracker-igw"
            },
            "tags_all": {
              "Name": "competitor-tracker-igw"
            },
            "timeouts": null,
            "vpc_id": "vpc-0628e03f2276df5d4"
          },
          "sensitive_attributes": [],
          "private": "eyJlMmJmYjczMC1lY2FhLTExZTYtOGY4OC0zNDM2M2JjN2M0YzAiOnsiY3JlYXRlIjoxMjAwMDAwMDAwMDAwLCJkZWxldGUiOjEyMDAwMDAwMDAwMDAsInVwZGF0ZSI6MTIwMDAwMDAwMDAwMH19",
          "dependencies": [
            "aws_vpc.main"
          ]
        }
      ]
    },
    {
      "mode": "managed",
      "type": "aws_launch_template",
      "name": "app",
      "provider": "provider[\"registry.terraform.io/hashicorp/aws\"]",
      "instances": [
        {
          "schema_version": 0,
          "attributes": {
            "arn": "arn:aws:ec2:us-east-1:254566860930:launch-template/lt-044b51b00c16f09f0",
            "block_device_mappings": [],
            "capacity_reservation_specification": [],
            "cpu_options": [],
            "credit_specification": [],
            "default_version": 1,
            "description": "",
            "disable_api_stop": false,
            "disable_api_termination": false,
            "ebs_optimized": "",
            "elastic_gpu_specifications": [],
            "elastic_inference_accelerator": [],
            "enclave_options": [],
            "hibernation_options": [],
            "iam_instance_profile": [
              {
                "arn": "",
                "name": "competitor-tracker-ec2-profile"
              }
            ],
            "id": "lt-044b51b00c16f09f0",
            "image_id": "ami-0693ff1e649d168d1",
            "instance_initiated_shutdown_behavior": "",
            "instance_market_options": [],
            "instance_requirements": [],
            "instance_type": "t3.micro",
            "kernel_id": "",
            "key_name": "",
            "latest_version": 6,
            "license_specification": [],
            "maintenance_options": [],
            "metadata_options": [],
            "monitoring": [],
            "name": "competitor-tracker-lt-20260710035024594500000001",
            "name_prefix": "competitor-tracker-lt-",
            "network_interfaces": [],
            "placement": [],
            "private_dns_name_options": [],
            "ram_disk_id": "",
            "security_group_names": [],
            "tag_specifications": [
              {
                "resource_type": "instance",
                "tags": {
                  "Name": "competitor-tracker-app"
                }
              }
            ],
            "tags": {},
            "tags_all": {},
            "update_default_version": null,
            "user_data": "IyEvYmluL2Jhc2gKc2V0IC1ldW8gcGlwZWZhaWwKCmV4ZWMgPiA+KHRlZSAtYSAvdmFyL2xvZy91c2VyLWRhdGEubG9nKSAyPiYxCgplY2hvICJbJChkYXRlKV0gU3RhcnRpbmcgdXNlci1kYXRhIGJvb3RzdHJhcC4uLiIKCiMgMkdCIHN3YXBmaWxlIOKAlCBwcmV2ZW50IE9PTSBkdXJpbmcgbnBtIGluc3RhbGwvYnVpbGQgb24gdDMubWljcm8KZmFsbG9jYXRlIC1sIDJHIC9zd2FwZmlsZQpjaG1vZCA2MDAgL3N3YXBmaWxlCm1rc3dhcCAvc3dhcGZpbGUKc3dhcG9uIC9zd2FwZmlsZQplY2hvICcvc3dhcGZpbGUgbm9uZSBzd2FwIHN3IDAgMCcgPj4gL2V0Yy9mc3RhYgoKZWNobyAiWyQoZGF0ZSldIFN3YXBmaWxlIGNvbmZpZ3VyZWQiCgojIEluc3RhbGwgTm9kZS5qcyAyMCBMVFMgZnJvbSBOb2RlU291cmNlIChBbWF6b24gTGludXggMjAyMyBjb21wYXRpYmxlKQpjdXJsIC1mc1NMIGh0dHBzOi8vcnBtLm5vZGVzb3VyY2UuY29tL3NldHVwXzIwLnggfCBiYXNoIC0KeXVtIGluc3RhbGwgLXkgbm9kZWpzIGdpdAoKIyBJbnN0YWxsIENocm9taXVtIGZvciBQdXBwZXRlZXIgc2NyZWVuc2hvdHMKYW1hem9uLWxpbnV4LWV4dHJhcyBpbnN0YWxsIC15IGVwZWwgPiAvZGV2L251bGwgMj4mMSB8fCB0cnVlCnl1bSBpbnN0YWxsIC15IGNocm9taXVtIGFtYXpvbi1saW51eC1leHRyYXMgMj4vZGV2L251bGwgfHwgeXVtIGluc3RhbGwgLXkgZ29vZ2xlLWNocm9tZS1zdGFibGUgMj4vZGV2L251bGwgfHwgZWNobyAiW1dBUk5dIENocm9taXVtIG5vdCBhdmFpbGFibGUgdmlhIHl1bSwgUHVwcGV0ZWVyIG1heSB1c2UgYnVuZGxlZCB2ZXJzaW9uIgoKIyBTZXQgUHVwcGV0ZWVyIGVudmlyb25tZW50IHZhcmlhYmxlIHRvIGZpbmQgc3lzdGVtIENocm9taXVtCmVjaG8gJ2V4cG9ydCBQVVBQRVRFRVJfQ0hST01JVU1fUkVWSVNJT049MScgPj4gL2V0Yy9wcm9maWxlLmQvcHVwcGV0ZWVyLnNoCmVjaG8gJ2V4cG9ydCBQVVBQRVRFRVJfU0tJUF9DSFJPTUlVTV9ET1dOTE9BRD10cnVlJyA+PiAvZXRjL3Byb2ZpbGUuZC9wdXBwZXRlZXIuc2gKc291cmNlIC9ldGMvcHJvZmlsZS5kL3B1cHBldGVlci5zaAoKZWNobyAiWyQoZGF0ZSldIE5vZGUuanMgJChub2RlIC12KSBpbnN0YWxsZWQiCgpucG0gaW5zdGFsbCAtZyBwbTIKCmVjaG8gIlskKGRhdGUpXSBQTTIgaW5zdGFsbGVkIgoKZ2l0IGNsb25lIGh0dHBzOi8vZ2l0aHViLmNvbS9tYXpoYW5iYWlnL2F3czNwcm9qZWN0LmdpdCAvYXBwCmNkIC9hcHAvYXBwCgplY2hvICJbJChkYXRlKV0gQXBwIGNsb25lZCIKCm5wbSBjaSAtLXByZWZlci1vZmZsaW5lCm5wbSBydW4gYnVpbGQKCmVjaG8gIlskKGRhdGUpXSBCdWlsZCBjb21wbGV0ZWQiCgpjYXQgPiAuZW52LnByb2R1Y3Rpb24gPDwgRU9GCkRCX0hPU1Q9Y29tcGV0aXRvci10cmFja2VyLWRiLmNvendrb2VreWt0NC51cy1lYXN0LTEucmRzLmFtYXpvbmF3cy5jb20KREJfUE9SVD01NDMyCkRCX05BTUU9Y29tcGV0aXRvcl90cmFja2VyCkRCX1VTRVI9YXBwCkRCX1BBU1NXT1JEPTNTa1UxVldZeUVvTjA3NXVVWjNCcnlQRE1jYVpFSQpKV1RfU0VDUkVUPWVVZUVsOWQ2bzFVYTB1NHpBbk5TMTlIMmJ0WFpHMHYKUzNfQlVDS0VUX05BTUU9Y29tcGV0aXRvci10cmFja2VyLXNuYXBzaG90cy03YTVhZjhjNQpBV1NfUkVHSU9OPXVzLWVhc3QtMQpFT0YKCmVjaG8gIlskKGRhdGUpXSBFbnZpcm9ubWVudCBmaWxlIGNyZWF0ZWQiCgojIFN0YXJ0IHdpdGggdGhlIHN0YW5kYWxvbmUgTmV4dC5qcyBzZXJ2ZXIKY3AgLXIgLm5leHQvc3RhdGljIC5uZXh0L3N0YW5kYWxvbmUvLm5leHQvCmNwIC1yIHB1YmxpYyAubmV4dC9zdGFuZGFsb25lLyAyPi9kZXYvbnVsbCB8fCB0cnVlCmNwIC5lbnYucHJvZHVjdGlvbiAubmV4dC9zdGFuZGFsb25lLwoKIyBMb2FkIGVudiB2YXJzIGludG8gdGhlIHByb2Nlc3Mgc28gdGhlIHN0YW5kYWxvbmUgc2VydmVyIGNhbiB1c2UgdGhlbQpzZXQgLWE7IHNvdXJjZSAuZW52LnByb2R1Y3Rpb247IHNldCArYQoKcG0yIHN0YXJ0IC5uZXh0L3N0YW5kYWxvbmUvc2VydmVyLmpzIC0tbmFtZSAiY29tcGV0aXRvci10cmFja2VyIiAtLXVwZGF0ZS1lbnYKcG0yIHN0YXJ0dXAKcG0yIHNhdmUKCmVjaG8gIlskKGRhdGUpXSBQTTIgc3RhcnRlZCIKZWNobyAiWyQoZGF0ZSldIEJvb3RzdHJhcCBjb21wbGV0ZSI=",
            "vpc_security_group_ids": [
              "sg-0dc74b82e6f655aba"
            ]
          },
          "sensitive_attributes": [
            [
              {
                "type": "get_attr",
                "value": "user_data"
              }
            ]
          ],
          "private": "bnVsbA==",
          "dependencies": [
            "aws_db_instance.postgres",
            "aws_db_subnet_group.rds",
            "aws_iam_instance_profile.ec2",
            "aws_iam_role.ec2",
            "aws_s3_bucket.snapshots",
            "aws_security_group.alb",
            "aws_security_group.ec2",
            "aws_security_group.rds",
            "aws_subnet.private_a",
            "aws_subnet.private_c",
            "aws_vpc.main",
            "data.aws_ami.amazon_linux_2023",
            "data.aws_iam_policy_document.ec2_assume_role",
            "random_id.suffix"
          ],
          "create_before_destroy": true
        }
      ]
    },
    {
      "mode": "managed",
      "type": "aws_lb_target_group",
      "name": "app",
      "provider": "provider[\"registry.terraform.io/hashicorp/aws\"]",
      "instances": [
        {
          "schema_version": 0,
          "attributes": {
            "arn": "arn:aws:elasticloadbalancing:us-east-1:254566860930:targetgroup/competitor-tracker-tg/ea8a970bf2beb1ce",
            "arn_suffix": "targetgroup/competitor-tracker-tg/ea8a970bf2beb1ce",
            "connection_termination": null,
            "deregistration_delay": "300",
            "health_check": [
              {
                "enabled": true,
                "healthy_threshold": 2,
                "interval": 30,
                "matcher": "200",
                "path": "/api/health",
                "port": "traffic-port",
                "protocol": "HTTP",
                "timeout": 5,
                "unhealthy_threshold": 2
              }
            ],
            "id": "arn:aws:elasticloadbalancing:us-east-1:254566860930:targetgroup/competitor-tracker-tg/ea8a970bf2beb1ce",
            "ip_address_type": "ipv4",
            "lambda_multi_value_headers_enabled": false,
            "load_balancer_arns": [],
            "load_balancing_algorithm_type": "round_robin",
            "load_balancing_anomaly_mitigation": "off",
            "load_balancing_cross_zone_enabled": "use_load_balancer_configuration",
            "name": "competitor-tracker-tg",
            "name_prefix": "",
            "port": 3000,
            "preserve_client_ip": null,
            "protocol": "HTTP",
            "protocol_version": "HTTP1",
            "proxy_protocol_v2": false,
            "slow_start": 0,
            "stickiness": [
              {
                "cookie_duration": 86400,
                "cookie_name": "",
                "enabled": false,
                "type": "lb_cookie"
              }
            ],
            "tags": {
              "Name": "competitor-tracker-tg"
            },
            "tags_all": {
              "Name": "competitor-tracker-tg"
            },
            "target_failover": [
              {
                "on_deregistration": null,
                "on_unhealthy": null
              }
            ],
            "target_group_health": [
              {
                "dns_failover": [
                  {
                    "minimum_healthy_targets_count": "1",
                    "minimum_healthy_targets_percentage": "off"
                  }
                ],
                "unhealthy_state_routing": [
                  {
                    "minimum_healthy_targets_count": 1,
                    "minimum_healthy_targets_percentage": "off"
                  }
                ]
              }
            ],
            "target_health_state": [
              {
                "enable_unhealthy_connection_termination": null,
                "unhealthy_draining_interval": null
              }
            ],
            "target_type": "instance",
            "vpc_id": "vpc-0628e03f2276df5d4"
          },
          "sensitive_attributes": [],
          "private": "bnVsbA==",
          "dependencies": [
            "aws_vpc.main"
          ],
          "create_before_destroy": true
        }
      ]
    },
    {
      "mode": "managed",
      "type": "aws_route",
      "name": "public_internet",
      "provider": "provider[\"registry.terraform.io/hashicorp/aws\"]",
      "instances": [
        {
          "schema_version": 0,
          "attributes": {
            "carrier_gateway_id": "",
            "core_network_arn": "",
            "destination_cidr_block": "0.0.0.0/0",
            "destination_ipv6_cidr_block": "",
            "destination_prefix_list_id": "",
            "egress_only_gateway_id": "",
            "gateway_id": "igw-0145bde07528d835e",
            "id": "r-rtb-04b0c215f27de971c1080289494",
            "instance_id": "",
            "instance_owner_id": "",
            "local_gateway_id": "",
            "nat_gateway_id": "",
            "network_interface_id": "",
            "origin": "CreateRoute",
            "route_table_id": "rtb-04b0c215f27de971c",
            "state": "active",
            "timeouts": null,
            "transit_gateway_id": "",
            "vpc_endpoint_id": "",
            "vpc_peering_connection_id": ""
          },
          "sensitive_attributes": [],
          "private": "eyJlMmJmYjczMC1lY2FhLTExZTYtOGY4OC0zNDM2M2JjN2M0YzAiOnsiY3JlYXRlIjozMDAwMDAwMDAwMDAsImRlbGV0ZSI6MzAwMDAwMDAwMDAwLCJ1cGRhdGUiOjEyMDAwMDAwMDAwMH19",
          "dependencies": [
            "aws_internet_gateway.igw",
            "aws_route_table.public",
            "aws_vpc.main"
          ]
        }
      ]
    },
    {
      "mode": "managed",
      "type": "aws_route_table",
      "name": "public",
      "provider": "provider[\"registry.terraform.io/hashicorp/aws\"]",
      "instances": [
        {
          "schema_version": 0,
          "attributes": {
            "arn": "arn:aws:ec2:us-east-1:254566860930:route-table/rtb-04b0c215f27de971c",
            "id": "rtb-04b0c215f27de971c",
            "owner_id": "254566860930",
            "propagating_vgws": [],
            "route": [],
            "tags": {
              "Name": "competitor-tracker-public-rt"
            },
            "tags_all": {
              "Name": "competitor-tracker-public-rt"
            },
            "timeouts": null,
            "vpc_id": "vpc-0628e03f2276df5d4"
          },
          "sensitive_attributes": [],
          "private": "eyJlMmJmYjczMC1lY2FhLTExZTYtOGY4OC0zNDM2M2JjN2M0YzAiOnsiY3JlYXRlIjozMDAwMDAwMDAwMDAsImRlbGV0ZSI6MzAwMDAwMDAwMDAwLCJ1cGRhdGUiOjEyMDAwMDAwMDAwMH19",
          "dependencies": [
            "aws_vpc.main"
          ]
        }
      ]
    },
    {
      "mode": "managed",
      "type": "aws_route_table_association",
      "name": "public_a",
      "provider": "provider[\"registry.terraform.io/hashicorp/aws\"]",
      "instances": [
        {
          "schema_version": 0,
          "attributes": {
            "gateway_id": "",
            "id": "rtbassoc-0649b80d90eeb806e",
            "route_table_id": "rtb-04b0c215f27de971c",
            "subnet_id": "subnet-01a9e8eaff09f7887",
            "timeouts": null
          },
          "sensitive_attributes": [],
          "private": "eyJlMmJmYjczMC1lY2FhLTExZTYtOGY4OC0zNDM2M2JjN2M0YzAiOnsiY3JlYXRlIjozMDAwMDAwMDAwMDAsImRlbGV0ZSI6MzAwMDAwMDAwMDAwLCJ1cGRhdGUiOjEyMDAwMDAwMDAwMH19",
          "dependencies": [
            "aws_route_table.public",
            "aws_subnet.public_a",
            "aws_vpc.main"
          ]
        }
      ]
    },
    {
      "mode": "managed",
      "type": "aws_route_table_association",
      "name": "public_c",
      "provider": "provider[\"registry.terraform.io/hashicorp/aws\"]",
      "instances": [
        {
          "schema_version": 0,
          "attributes": {
            "gateway_id": "",
            "id": "rtbassoc-0d96bced085464557",
            "route_table_id": "rtb-04b0c215f27de971c",
            "subnet_id": "subnet-0cda2d59d4f1de1e9",
            "timeouts": null
          },
          "sensitive_attributes": [],
          "private": "eyJlMmJmYjczMC1lY2FhLTExZTYtOGY4OC0zNDM2M2JjN2M0YzAiOnsiY3JlYXRlIjozMDAwMDAwMDAwMDAsImRlbGV0ZSI6MzAwMDAwMDAwMDAwLCJ1cGRhdGUiOjEyMDAwMDAwMDAwMH19",
          "dependencies": [
            "aws_route_table.public",
            "aws_subnet.public_c",
            "aws_vpc.main"
          ]
        }
      ]
    },
    {
      "mode": "managed",
      "type": "aws_s3_bucket",
      "name": "snapshots",
      "provider": "provider[\"registry.terraform.io/hashicorp/aws\"]",
      "instances": [
        {
          "schema_version": 0,
          "attributes": {
            "acceleration_status": "",
            "acl": null,
            "arn": "arn:aws:s3:::competitor-tracker-snapshots-7a5af8c5",
            "bucket": "competitor-tracker-snapshots-7a5af8c5",
            "bucket_domain_name": "competitor-tracker-snapshots-7a5af8c5.s3.amazonaws.com",
            "bucket_prefix": "",
            "bucket_regional_domain_name": "competitor-tracker-snapshots-7a5af8c5.s3.us-east-1.amazonaws.com",
            "cors_rule": [],
            "force_destroy": false,
            "grant": [
              {
                "id": "35febe0409f8afe0481aa9c50e7411a7f222d095aa0124997fc92c63cf677b43",
                "permissions": [
                  "FULL_CONTROL"
                ],
                "type": "CanonicalUser",
                "uri": ""
              }
            ],
            "hosted_zone_id": "Z3AQBSTGFYJSTF",
            "id": "competitor-tracker-snapshots-7a5af8c5",
            "lifecycle_rule": [],
            "logging": [],
            "object_lock_configuration": [],
            "object_lock_enabled": false,
            "policy": "",
            "region": "us-east-1",
            "replication_configuration": [],
            "request_payer": "BucketOwner",
            "server_side_encryption_configuration": [
              {
                "rule": [
                  {
                    "apply_server_side_encryption_by_default": [
                      {
                        "kms_master_key_id": "",
                        "sse_algorithm": "AES256"
                      }
                    ],
                    "bucket_key_enabled": false
                  }
                ]
              }
            ],
            "tags": {
              "Name": "competitor-tracker-snapshots"
            },
            "tags_all": {
              "Name": "competitor-tracker-snapshots"
            },
            "timeouts": null,
            "versioning": [
              {
                "enabled": false,
                "mfa_delete": false
              }
            ],
            "website": [],
            "website_domain": null,
            "website_endpoint": null
          },
          "sensitive_attributes": [],
          "private": "eyJlMmJmYjczMC1lY2FhLTExZTYtOGY4OC0zNDM2M2JjN2M0YzAiOnsiY3JlYXRlIjoxMjAwMDAwMDAwMDAwLCJkZWxldGUiOjM2MDAwMDAwMDAwMDAsInJlYWQiOjEyMDAwMDAwMDAwMDAsInVwZGF0ZSI6MTIwMDAwMDAwMDAwMH19",
          "dependencies": [
            "random_id.suffix"
          ],
          "create_before_destroy": true
        }
      ]
    },
    {
      "mode": "managed",
      "type": "aws_s3_bucket_public_access_block",
      "name": "snapshots",
      "provider": "provider[\"registry.terraform.io/hashicorp/aws\"]",
      "instances": [
        {
          "schema_version": 0,
          "attributes": {
            "block_public_acls": true,
            "block_public_policy": true,
            "bucket": "competitor-tracker-snapshots-7a5af8c5",
            "id": "competitor-tracker-snapshots-7a5af8c5",
            "ignore_public_acls": true,
            "restrict_public_buckets": true
          },
          "sensitive_attributes": [],
          "private": "bnVsbA==",
          "dependencies": [
            "aws_s3_bucket.snapshots",
            "random_id.suffix"
          ]
        }
      ]
    },
    {
      "mode": "managed",
      "type": "aws_s3_bucket_versioning",
      "name": "snapshots",
      "provider": "provider[\"registry.terraform.io/hashicorp/aws\"]",
      "instances": [
        {
          "schema_version": 0,
          "attributes": {
            "bucket": "competitor-tracker-snapshots-7a5af8c5",
            "expected_bucket_owner": "",
            "id": "competitor-tracker-snapshots-7a5af8c5",
            "mfa": null,
            "versioning_configuration": [
              {
                "mfa_delete": "",
                "status": "Enabled"
              }
            ]
          },
          "sensitive_attributes": [],
          "private": "bnVsbA==",
          "dependencies": [
            "aws_s3_bucket.snapshots",
            "random_id.suffix"
          ]
        }
      ]
    },
    {
      "mode": "managed",
      "type": "aws_security_group",
      "name": "alb",
      "provider": "provider[\"registry.terraform.io/hashicorp/aws\"]",
      "instances": [
        {
          "schema_version": 1,
          "attributes": {
            "arn": "arn:aws:ec2:us-east-1:254566860930:security-group/sg-06fbe6156745bee1a",
            "description": "ALB security group - inbound HTTP from anywhere",
            "egress": [
              {
                "cidr_blocks": [
                  "0.0.0.0/0"
                ],
                "description": "All outbound",
                "from_port": 0,
                "ipv6_cidr_blocks": [],
                "prefix_list_ids": [],
                "protocol": "-1",
                "security_groups": [],
                "self": false,
                "to_port": 0
              }
            ],
            "id": "sg-06fbe6156745bee1a",
            "ingress": [
              {
                "cidr_blocks": [
                  "0.0.0.0/0"
                ],
                "description": "HTTP from anywhere",
                "from_port": 80,
                "ipv6_cidr_blocks": [],
                "prefix_list_ids": [],
                "protocol": "tcp",
                "security_groups": [],
                "self": false,
                "to_port": 80
              }
            ],
            "name": "competitor-tracker-alb-sg",
            "name_prefix": "",
            "owner_id": "254566860930",
            "revoke_rules_on_delete": false,
            "tags": {
              "Name": "competitor-tracker-alb-sg"
            },
            "tags_all": {
              "Name": "competitor-tracker-alb-sg"
            },
            "timeouts": null,
            "vpc_id": "vpc-0628e03f2276df5d4"
          },
          "sensitive_attributes": [],
          "private": "eyJlMmJmYjczMC1lY2FhLTExZTYtOGY4OC0zNDM2M2JjN2M0YzAiOnsiY3JlYXRlIjo2MDAwMDAwMDAwMDAsImRlbGV0ZSI6OTAwMDAwMDAwMDAwfSwic2NoZW1hX3ZlcnNpb24iOiIxIn0=",
          "dependencies": [
            "aws_vpc.main"
          ],
          "create_before_destroy": true
        }
      ]
    },
    {
      "mode": "managed",
      "type": "aws_security_group",
      "name": "ec2",
      "provider": "provider[\"registry.terraform.io/hashicorp/aws\"]",
      "instances": [
        {
          "schema_version": 1,
          "attributes": {
            "arn": "arn:aws:ec2:us-east-1:254566860930:security-group/sg-0dc74b82e6f655aba",
            "description": "EC2 security group - inbound from ALB, SSH from my IP",
            "egress": [
              {
                "cidr_blocks": [
                  "0.0.0.0/0"
                ],
                "description": "All outbound",
                "from_port": 0,
                "ipv6_cidr_blocks": [],
                "prefix_list_ids": [],
                "protocol": "-1",
                "security_groups": [],
                "self": false,
                "to_port": 0
              }
            ],
            "id": "sg-0dc74b82e6f655aba",
            "ingress": [
              {
                "cidr_blocks": [],
                "description": "HTTP from ALB",
                "from_port": 3000,
                "ipv6_cidr_blocks": [],
                "prefix_list_ids": [],
                "protocol": "tcp",
                "security_groups": [
                  "sg-06fbe6156745bee1a"
                ],
                "self": false,
                "to_port": 3000
              }
            ],
            "name": "competitor-tracker-ec2-sg",
            "name_prefix": "",
            "owner_id": "254566860930",
            "revoke_rules_on_delete": false,
            "tags": {
              "Name": "competitor-tracker-ec2-sg"
            },
            "tags_all": {
              "Name": "competitor-tracker-ec2-sg"
            },
            "timeouts": null,
            "vpc_id": "vpc-0628e03f2276df5d4"
          },
          "sensitive_attributes": [],
          "private": "eyJlMmJmYjczMC1lY2FhLTExZTYtOGY4OC0zNDM2M2JjN2M0YzAiOnsiY3JlYXRlIjo2MDAwMDAwMDAwMDAsImRlbGV0ZSI6OTAwMDAwMDAwMDAwfSwic2NoZW1hX3ZlcnNpb24iOiIxIn0=",
          "dependencies": [
            "aws_security_group.alb",
            "aws_vpc.main"
          ],
          "create_before_destroy": true
        }
      ]
    },
    {
      "mode": "managed",
      "type": "aws_security_group",
      "name": "rds",
      "provider": "provider[\"registry.terraform.io/hashicorp/aws\"]",
      "instances": [
        {
          "schema_version": 1,
          "attributes": {
            "arn": "arn:aws:ec2:us-east-1:254566860930:security-group/sg-0ddfa6467f91ce30e",
            "description": "RDS security group - PostgreSQL from EC2 only",
            "egress": [
              {
                "cidr_blocks": [
                  "0.0.0.0/0"
                ],
                "description": "All outbound",
                "from_port": 0,
                "ipv6_cidr_blocks": [],
                "prefix_list_ids": [],
                "protocol": "-1",
                "security_groups": [],
                "self": false,
                "to_port": 0
              }
            ],
            "id": "sg-0ddfa6467f91ce30e",
            "ingress": [
              {
                "cidr_blocks": [],
                "description": "PostgreSQL from EC2",
                "from_port": 5432,
                "ipv6_cidr_blocks": [],
                "prefix_list_ids": [],
                "protocol": "tcp",
                "security_groups": [
                  "sg-0dc74b82e6f655aba"
                ],
                "self": false,
                "to_port": 5432
              }
            ],
            "name": "competitor-tracker-rds-sg",
            "name_prefix": "",
            "owner_id": "254566860930",
            "revoke_rules_on_delete": false,
            "tags": {
              "Name": "competitor-tracker-rds-sg"
            },
            "tags_all": {
              "Name": "competitor-tracker-rds-sg"
            },
            "timeouts": null,
            "vpc_id": "vpc-0628e03f2276df5d4"
          },
          "sensitive_attributes": [],
          "private": "eyJlMmJmYjczMC1lY2FhLTExZTYtOGY4OC0zNDM2M2JjN2M0YzAiOnsiY3JlYXRlIjo2MDAwMDAwMDAwMDAsImRlbGV0ZSI6OTAwMDAwMDAwMDAwfSwic2NoZW1hX3ZlcnNpb24iOiIxIn0=",
          "dependencies": [
            "aws_security_group.alb",
            "aws_security_group.ec2",
            "aws_vpc.main"
          ],
          "create_before_destroy": true
        }
      ]
    },
    {
      "mode": "managed",
      "type": "aws_subnet",
      "name": "private_a",
      "provider": "provider[\"registry.terraform.io/hashicorp/aws\"]",
      "instances": [
        {
          "schema_version": 1,
          "attributes": {
            "arn": "arn:aws:ec2:us-east-1:254566860930:subnet/subnet-079718ba71f469286",
            "assign_ipv6_address_on_creation": false,
            "availability_zone": "us-east-1a",
            "availability_zone_id": "use1-az1",
            "cidr_block": "10.0.101.0/24",
            "customer_owned_ipv4_pool": "",
            "enable_dns64": false,
            "enable_lni_at_device_index": 0,
            "enable_resource_name_dns_a_record_on_launch": false,
            "enable_resource_name_dns_aaaa_record_on_launch": false,
            "id": "subnet-079718ba71f469286",
            "ipv6_cidr_block": "",
            "ipv6_cidr_block_association_id": "",
            "ipv6_native": false,
            "map_customer_owned_ip_on_launch": false,
            "map_public_ip_on_launch": false,
            "outpost_arn": "",
            "owner_id": "254566860930",
            "private_dns_hostname_type_on_launch": "ip-name",
            "tags": {
              "Name": "competitor-tracker-private-a"
            },
            "tags_all": {
              "Name": "competitor-tracker-private-a"
            },
            "timeouts": null,
            "vpc_id": "vpc-0628e03f2276df5d4"
          },
          "sensitive_attributes": [],
          "private": "eyJlMmJmYjczMC1lY2FhLTExZTYtOGY4OC0zNDM2M2JjN2M0YzAiOnsiY3JlYXRlIjo2MDAwMDAwMDAwMDAsImRlbGV0ZSI6MTIwMDAwMDAwMDAwMH0sInNjaGVtYV92ZXJzaW9uIjoiMSJ9",
          "dependencies": [
            "aws_vpc.main"
          ],
          "create_before_destroy": true
        }
      ]
    },
    {
      "mode": "managed",
      "type": "aws_subnet",
      "name": "private_c",
      "provider": "provider[\"registry.terraform.io/hashicorp/aws\"]",
      "instances": [
        {
          "schema_version": 1,
          "attributes": {
            "arn": "arn:aws:ec2:us-east-1:254566860930:subnet/subnet-03b8ba9dbc09cbce7",
            "assign_ipv6_address_on_creation": false,
            "availability_zone": "us-east-1c",
            "availability_zone_id": "use1-az4",
            "cidr_block": "10.0.102.0/24",
            "customer_owned_ipv4_pool": "",
            "enable_dns64": false,
            "enable_lni_at_device_index": 0,
            "enable_resource_name_dns_a_record_on_launch": false,
            "enable_resource_name_dns_aaaa_record_on_launch": false,
            "id": "subnet-03b8ba9dbc09cbce7",
            "ipv6_cidr_block": "",
            "ipv6_cidr_block_association_id": "",
            "ipv6_native": false,
            "map_customer_owned_ip_on_launch": false,
            "map_public_ip_on_launch": false,
            "outpost_arn": "",
            "owner_id": "254566860930",
            "private_dns_hostname_type_on_launch": "ip-name",
            "tags": {
              "Name": "competitor-tracker-private-c"
            },
            "tags_all": {
              "Name": "competitor-tracker-private-c"
            },
            "timeouts": null,
            "vpc_id": "vpc-0628e03f2276df5d4"
          },
          "sensitive_attributes": [],
          "private": "eyJlMmJmYjczMC1lY2FhLTExZTYtOGY4OC0zNDM2M2JjN2M0YzAiOnsiY3JlYXRlIjo2MDAwMDAwMDAwMDAsImRlbGV0ZSI6MTIwMDAwMDAwMDAwMH0sInNjaGVtYV92ZXJzaW9uIjoiMSJ9",
          "dependencies": [
            "aws_vpc.main"
          ],
          "create_before_destroy": true
        }
      ]
    },
    {
      "mode": "managed",
      "type": "aws_subnet",
      "name": "public_a",
      "provider": "provider[\"registry.terraform.io/hashicorp/aws\"]",
      "instances": [
        {
          "schema_version": 1,
          "attributes": {
            "arn": "arn:aws:ec2:us-east-1:254566860930:subnet/subnet-01a9e8eaff09f7887",
            "assign_ipv6_address_on_creation": false,
            "availability_zone": "us-east-1a",
            "availability_zone_id": "use1-az1",
            "cidr_block": "10.0.1.0/24",
            "customer_owned_ipv4_pool": "",
            "enable_dns64": false,
            "enable_lni_at_device_index": 0,
            "enable_resource_name_dns_a_record_on_launch": false,
            "enable_resource_name_dns_aaaa_record_on_launch": false,
            "id": "subnet-01a9e8eaff09f7887",
            "ipv6_cidr_block": "",
            "ipv6_cidr_block_association_id": "",
            "ipv6_native": false,
            "map_customer_owned_ip_on_launch": false,
            "map_public_ip_on_launch": true,
            "outpost_arn": "",
            "owner_id": "254566860930",
            "private_dns_hostname_type_on_launch": "ip-name",
            "tags": {
              "Name": "competitor-tracker-public-a"
            },
            "tags_all": {
              "Name": "competitor-tracker-public-a"
            },
            "timeouts": null,
            "vpc_id": "vpc-0628e03f2276df5d4"
          },
          "sensitive_attributes": [],
          "private": "eyJlMmJmYjczMC1lY2FhLTExZTYtOGY4OC0zNDM2M2JjN2M0YzAiOnsiY3JlYXRlIjo2MDAwMDAwMDAwMDAsImRlbGV0ZSI6MTIwMDAwMDAwMDAwMH0sInNjaGVtYV92ZXJzaW9uIjoiMSJ9",
          "dependencies": [
            "aws_vpc.main"
          ]
        }
      ]
    },
    {
      "mode": "managed",
      "type": "aws_subnet",
      "name": "public_c",
      "provider": "provider[\"registry.terraform.io/hashicorp/aws\"]",
      "instances": [
        {
          "schema_version": 1,
          "attributes": {
            "arn": "arn:aws:ec2:us-east-1:254566860930:subnet/subnet-0cda2d59d4f1de1e9",
            "assign_ipv6_address_on_creation": false,
            "availability_zone": "us-east-1c",
            "availability_zone_id": "use1-az4",
            "cidr_block": "10.0.2.0/24",
            "customer_owned_ipv4_pool": "",
            "enable_dns64": false,
            "enable_lni_at_device_index": 0,
            "enable_resource_name_dns_a_record_on_launch": false,
            "enable_resource_name_dns_aaaa_record_on_launch": false,
            "id": "subnet-0cda2d59d4f1de1e9",
            "ipv6_cidr_block": "",
            "ipv6_cidr_block_association_id": "",
            "ipv6_native": false,
            "map_customer_owned_ip_on_launch": false,
            "map_public_ip_on_launch": true,
            "outpost_arn": "",
            "owner_id": "254566860930",
            "private_dns_hostname_type_on_launch": "ip-name",
            "tags": {
              "Name": "competitor-tracker-public-c"
            },
            "tags_all": {
              "Name": "competitor-tracker-public-c"
            },
            "timeouts": null,
            "vpc_id": "vpc-0628e03f2276df5d4"
          },
          "sensitive_attributes": [],
          "private": "eyJlMmJmYjczMC1lY2FhLTExZTYtOGY4OC0zNDM2M2JjN2M0YzAiOnsiY3JlYXRlIjo2MDAwMDAwMDAwMDAsImRlbGV0ZSI6MTIwMDAwMDAwMDAwMH0sInNjaGVtYV92ZXJzaW9uIjoiMSJ9",
          "dependencies": [
            "aws_vpc.main"
          ]
        }
      ]
    },
    {
      "mode": "managed",
      "type": "aws_vpc",
      "name": "main",
      "provider": "provider[\"registry.terraform.io/hashicorp/aws\"]",
      "instances": [
        {
          "schema_version": 1,
          "attributes": {
            "arn": "arn:aws:ec2:us-east-1:254566860930:vpc/vpc-0628e03f2276df5d4",
            "assign_generated_ipv6_cidr_block": false,
            "cidr_block": "10.0.0.0/16",
            "default_network_acl_id": "acl-0a94b5270ef676be7",
            "default_route_table_id": "rtb-0143ddce872fbe860",
            "default_security_group_id": "sg-073530e4746552c60",
            "dhcp_options_id": "dopt-090a74b9a2cc59c96",
            "enable_dns_hostnames": true,
            "enable_dns_support": true,
            "enable_network_address_usage_metrics": false,
            "id": "vpc-0628e03f2276df5d4",
            "instance_tenancy": "default",
            "ipv4_ipam_pool_id": null,
            "ipv4_netmask_length": null,
            "ipv6_association_id": "",
            "ipv6_cidr_block": "",
            "ipv6_cidr_block_network_border_group": "",
            "ipv6_ipam_pool_id": "",
            "ipv6_netmask_length": 0,
            "main_route_table_id": "rtb-0143ddce872fbe860",
            "owner_id": "254566860930",
            "tags": {
              "Name": "competitor-tracker-vpc"
            },
            "tags_all": {
              "Name": "competitor-tracker-vpc"
            }
          },
          "sensitive_attributes": [],
          "private": "eyJzY2hlbWFfdmVyc2lvbiI6IjEifQ==",
          "create_before_destroy": true
        }
      ]
    },
    {
      "mode": "managed",
      "type": "random_id",
      "name": "suffix",
      "provider": "provider[\"registry.terraform.io/hashicorp/random\"]",
      "instances": [
        {
          "schema_version": 0,
          "attributes": {
            "b64_std": "elr4xQ==",
            "b64_url": "elr4xQ",
            "byte_length": 4,
            "dec": "2052782277",
            "hex": "7a5af8c5",
            "id": "elr4xQ",
            "keepers": null,
            "prefix": null
          },
          "sensitive_attributes": [],
          "create_before_destroy": true
        }
      ]
    }
  ],
  "check_results": null
}
